# This file is autogenerated, do not edit; changes may be undone by the next 'dep ensure'.


[[projects]]
  name = "github.com/Sirupsen/logrus"
  packages = ["."]
  revision = "a26f43589d737684363ff856c5a0f9f24b946510"

[[projects]]
  name = "github.com/StackExchange/wmi"
  packages = ["."]
  revision = "f3e2bae1e0cb5aef83e319133eabfee30013a4a5"

[[projects]]
  branch = "master"
  name = "github.com/bamzi/jobrunner"
  packages = ["."]
  revision = "273175f8b6ebabab8a639a4e6260a5c50fbf016a"

[[projects]]
  name = "github.com/beorn7/perks"
  packages = ["quantile"]
  revision = "3ac7bf7a47d159a033b107610db8a1b6575507a4"

[[projects]]
  name = "github.com/c4milo/unzipit"
  packages = ["."]
  revision = "339618fad77ac6102721ba322bc1b1d678083520"

[[projects]]
  name = "github.com/cloudflare/cfssl"
  packages = [
    "api",
    "api/client",
    "auth",
    "certdb",
    "cli",
    "config",
    "crypto/pkcs7",
    "csr",
    "errors",
    "helpers",
    "helpers/derhelpers",
    "info",
    "log",
    "ocsp/config",
    "signer",
    "signer/local",
    "signer/remote",
    "signer/universal"
  ]
  revision = "5d63dbd981b5c408effbb58c442d54761ff94fbd"
  version = "1.3.2"

[[projects]]
  name = "github.com/codegangsta/cli"
  packages = ["."]
  revision = "70e3fa51ebed95df8c0fbe1519c1c1f9bc16bb13"
  version = "v1.10.2"

[[projects]]
  name = "github.com/databus23/keystone"
  packages = [
    ".",
    "cache/postgres"
  ]
  revision = "0ebc191910b56703ceb7e74437839e8ac30544e9"

[[projects]]
  name = "github.com/databus23/requestutil"
  packages = ["."]
  revision = "5ff8e981f38fcabfc52ff8fd7fc7cf401d6bec67"

[[projects]]
  name = "github.com/eclipse/paho.mqtt.golang"
  packages = [
    ".",
    "packets"
  ]
  revision = "c76e0160c5b829e2da3b73db11e9715423f8a0f5"

[[projects]]
  name = "github.com/go-ole/go-ole"
  packages = [
    ".",
    "oleutil"
  ]
  revision = "487c37e10823c9d5e647262f01f51a12331525f2"

[[projects]]
  name = "github.com/gogo/protobuf"
  packages = ["proto"]
  revision = "1adfc126b41513cc696b209667c8656ea7aac67c"
  version = "v1.0.0"

[[projects]]
  name = "github.com/golang/protobuf"
  packages = [
    "proto",
    "ptypes",
    "ptypes/any",
    "ptypes/duration",
    "ptypes/timestamp"
  ]
  revision = "78b168c14fc28c8c711844d210f7ab845083e3b1"

[[projects]]
  name = "github.com/google/certificate-transparency-go"
  packages = [
    ".",
    "asn1",
    "client",
    "client/configpb",
    "jsonclient",
    "tls",
    "x509",
    "x509/pkix"
  ]
  revision = "5ab67e519c93568ac3ee50fd6772a5bcf8aa460d"

[[projects]]
  name = "github.com/gorilla/context"
  packages = ["."]
  revision = "215affda49addc4c8ef7e2534915df2c8c35c6cd"

[[projects]]
  name = "github.com/gorilla/handlers"
  packages = ["."]
  revision = "8d15e1138fa414148ca497a280ff7d41046d619d"

[[projects]]
  name = "github.com/gorilla/mux"
  packages = ["."]
  revision = "47e8f450ef38c857cdd922ec08862ca9d65a1c6d"

[[projects]]
  name = "github.com/hashicorp/go-version"
  packages = ["."]
  revision = "999359b6b7a041ce16e695d51e92145b83f01087"

[[projects]]
  branch = "master"
  name = "github.com/inconshreveable/go-update"
  packages = [
    ".",
    "internal/binarydist",
    "internal/osext"
  ]
  revision = "8152e7eb6ccf8679a64582a66b78519688d156ad"

[[projects]]
  name = "github.com/joho/godotenv"
  packages = ["."]
  revision = "f6581828bb37238bc1ce8e561d9e4050630a304d"

[[projects]]
  name = "github.com/justinas/alice"
  packages = ["."]
  revision = "82db91fe6d1db4c070fed544cb5d0b5cc08fe276"

[[projects]]
  name = "github.com/kardianos/osext"
  packages = ["."]
  revision = "8fef92e41e22a70e700a96b29f066cda30ea24ef"

[[projects]]
  name = "github.com/kylelemons/go-gypsy"
  packages = ["yaml"]
  revision = "42fc2c7ee9b8bd0ff636cd2d7a8c0a49491044c5"

[[projects]]
  name = "github.com/lib/pq"
  packages = [
    ".",
    "oid"
  ]
  revision = "a8d8d01c4f91602f876bf5aa210274e8203a6b45"

[[projects]]
  branch = "master"
  name = "github.com/matttproud/golang_protobuf_extensions"
  packages = ["pbutil"]
  revision = "c12348ce28de40eed0136aa2b644d0ee0650e56c"

[[projects]]
  name = "github.com/oklog/run"
  packages = ["."]
  revision = "4dadeb3030eda0273a12382bb2348ffc7c9d1a39"
  version = "v1.0.0"

[[projects]]
  name = "github.com/onsi/ginkgo"
  packages = [
    ".",
    "config",
    "internal/codelocation",
    "internal/containernode",
    "internal/failer",
    "internal/leafnodes",
    "internal/remote",
    "internal/spec",
    "internal/specrunner",
    "internal/suite",
    "internal/testingtproxy",
    "internal/writer",
    "reporters",
    "reporters/stenographer",
    "types"
  ]
  revision = "d981d36e9884231afa909627b9c275e4ba678f90"

[[projects]]
  name = "github.com/onsi/gomega"
  packages = [
    ".",
    "format",
    "internal/assertion",
    "internal/asyncassertion",
    "internal/testingtsupport",
    "matchers",
    "matchers/support/goraph/bipartitegraph",
    "matchers/support/goraph/edge",
    "matchers/support/goraph/node",
    "matchers/support/goraph/util",
    "types"
  ]
  revision = "d6c945f9fdbf6cad99e85b0feff591caa268e0db"

[[projects]]
  name = "github.com/pborman/uuid"
  packages = ["."]
  revision = "cccd189d45f7ac3368a0d127efb7f4d08ae0b655"

[[projects]]
  name = "github.com/prometheus/client_golang"
  packages = ["prometheus"]
  revision = "9f1ed1ed4a5f754c9b626e5cf8ec1ea7d622e017"

[[projects]]
  name = "github.com/prometheus/client_model"
  packages = ["go"]
  revision = "fa8ad6fec33561be4280a8f0514318c79d7f6cb6"

[[projects]]
  name = "github.com/prometheus/common"
  packages = [
    "expfmt",
    "internal/bitbucket.org/ww/goautoneg",
    "model"
  ]
  revision = "4402f4e5ea79ec15f3c574773b6a5198fbea215f"

[[projects]]
  name = "github.com/prometheus/procfs"
  packages = ["."]
  revision = "abf152e5f3e97f2fafac028d2cc06c1feb87ffa5"

[[projects]]
  name = "github.com/shirou/gopsutil"
  packages = [
    "common",
    "host",
    "mem",
    "process"
  ]
  revision = "c71f9ee5be4592abdb847630035725d9e9506477"

[[projects]]
  branch = "master"
  name = "golang.org/x/crypto"
  packages = [
    "cryptobyte",
    "cryptobyte/asn1",
    "ocsp",
    "pkcs12",
    "pkcs12/internal/rc2"
  ]
  revision = "719079de17cdc7d84bb2cd40301fc88f280eb809"

[[projects]]
  branch = "master"
  name = "golang.org/x/net"
  packages = [
    "context",
    "context/ctxhttp",
    "websocket"
  ]
  revision = "5f9ae10d9af5b1c89ae6904293b14b064d4ada23"

[[projects]]
  name = "golang.org/x/sys"
  packages = ["unix"]
  revision = "3826714b1e47586d04a2d62ccf2e8d13eca82790"

[[projects]]
  branch = "v2"
  name = "gopkg.in/robfig/cron.v2"
  packages = ["."]
  revision = "be2e0b0deed5a68ffee390b4583a13aff8321535"

[[projects]]
  name = "gopkg.in/yaml.v2"
  packages = ["."]
  revision = "7ad95dd0798a40da1ccdff6dff35fd177b5edf40"

[solve-meta]
  analyzer-name = "dep"
  analyzer-version = 1
  inputs-digest = "d22e88792872b3a553608062f0b70c860de9fcfc5b2dc72f9186f2ba3ab4e890"
  solver-name = "gps-cdcl"
  solver-version = 1
